{
  "name": "@vjymisal0/agentrules",
  "version": "1.1.0",
  "lockfileVersion": 3,
  "requires": true,
  "packages": {
    "": {
      "name": "@vjymisal0/agentrules",
      "version": "1.1.0",
      "license": "MIT",
      "bin": {
        "agentrules": "bin/cli.js"
      },
      "engines": {
        "node": ">=18.0.0"
      }
    }
  }
}
